
Microsoft Visual Studio Solution File, Format Version 12.00
# Visual Studio Version 17
VisualStudioVersion = 17.8.34511.84
MinimumVisualStudioVersion = 10.0.40219.1
Project("{FAE04EC0-301F-11D3-BF4B-00C04F79EFBC}") = "Livros", "Livros\Livros.csproj", "{57D814CB-2368-4454-865B-3AAF36B5472B}"
EndProject
Project("{FAE04EC0-301F-11D3-BF4B-00C04F79EFBC}") = "Conversao", "Conversao\Conversao.csproj", "{53FE676F-CC11-4951-824A-19E850BC6911}"
EndProject
Project("{FAE04EC0-301F-11D3-BF4B-00C04F79EFBC}") = "TesteConversao", "TesteConversao\TesteConversao.csproj", "{3702EF56-2595-428C-B128-754241E8A443}"
EndProject
Project("{FAE04EC0-301F-11D3-BF4B-00C04F79EFBC}") = "ValidarEmail", "ValidarEmail\ValidarEmail.csproj", "{D6D1C472-D987-4FCE-B744-9E4D462A6FEF}"
EndProject
Project("{FAE04EC0-301F-11D3-BF4B-00C04F79EFBC}") = "Inventario", "Inventario\Inventario.csproj", "{D0DBE648-C9D6-4B5D-AD13-E0A56BBC4A46}"
EndProject
Global
	GlobalSection(SolutionConfigurationPlatforms) = preSolution
		Debug|Any CPU = Debug|Any CPU
		Release|Any CPU = Release|Any CPU
	EndGlobalSection
	GlobalSection(ProjectConfigurationPlatforms) = postSolution
		{57D814CB-2368-4454-865B-3AAF36B5472B}.Debug|Any CPU.ActiveCfg = Debug|Any CPU
		{57D814CB-2368-4454-865B-3AAF36B5472B}.Debug|Any CPU.Build.0 = Debug|Any CPU
		{57D814CB-2368-4454-865B-3AAF36B5472B}.Release|Any CPU.ActiveCfg = Release|Any CPU
		{57D814CB-2368-4454-865B-3AAF36B5472B}.Release|Any CPU.Build.0 = Release|Any CPU
		{53FE676F-CC11-4951-824A-19E850BC6911}.Debug|Any CPU.ActiveCfg = Debug|Any CPU
		{53FE676F-CC11-4951-824A-19E850BC6911}.Debug|Any CPU.Build.0 = Debug|Any CPU
		{53FE676F-CC11-4951-824A-19E850BC6911}.Release|Any CPU.ActiveCfg = Release|Any CPU
		{53FE676F-CC11-4951-824A-19E850BC6911}.Release|Any CPU.Build.0 = Release|Any CPU
		{3702EF56-2595-428C-B128-754241E8A443}.Debug|Any CPU.ActiveCfg = Debug|Any CPU
		{3702EF56-2595-428C-B128-754241E8A443}.Debug|Any CPU.Build.0 = Debug|Any CPU
		{3702EF56-2595-428C-B128-754241E8A443}.Release|Any CPU.ActiveCfg = Release|Any CPU
		{3702EF56-2595-428C-B128-754241E8A443}.Release|Any CPU.Build.0 = Release|Any CPU
		{D6D1C472-D987-4FCE-B744-9E4D462A6FEF}.Debug|Any CPU.ActiveCfg = Debug|Any CPU
		{D6D1C472-D987-4FCE-B744-9E4D462A6FEF}.Debug|Any CPU.Build.0 = Debug|Any CPU
		{D6D1C472-D987-4FCE-B744-9E4D462A6FEF}.Release|Any CPU.ActiveCfg = Release|Any CPU
		{D6D1C472-D987-4FCE-B744-9E4D462A6FEF}.Release|Any CPU.Build.0 = Release|Any CPU
		{D0DBE648-C9D6-4B5D-AD13-E0A56BBC4A46}.Debug|Any CPU.ActiveCfg = Debug|Any CPU
		{D0DBE648-C9D6-4B5D-AD13-E0A56BBC4A46}.Debug|Any CPU.Build.0 = Debug|Any CPU
		{D0DBE648-C9D6-4B5D-AD13-E0A56BBC4A46}.Release|Any CPU.ActiveCfg = Release|Any CPU
		{D0DBE648-C9D6-4B5D-AD13-E0A56BBC4A46}.Release|Any CPU.Build.0 = Release|Any CPU
	EndGlobalSection
	GlobalSection(SolutionProperties) = preSolution
		HideSolutionNode = FALSE
	EndGlobalSection
	GlobalSection(ExtensibilityGlobals) = postSolution
		SolutionGuid = {1250D5FC-C52A-4A25-ADCB-6BA6D1353F7D}
	EndGlobalSection
EndGlobal
